
Microsoft Visual Studio Solution File, Format Version 12.00
# Visual Studio Version 17
VisualStudioVersion = 17.1.32328.378
MinimumVisualStudioVersion = 10.0.40219.1
Project("{FAE04EC0-301F-11D3-BF4B-00C04F79EFBC}") = "AzureFunctionTimerTrigger", "AzureFunctionTimerTrigger\AzureFunctionTimerTrigger.csproj", "{4D260F5C-4443-409F-A06E-171D68567FF3}"
EndProject
Global
	GlobalSection(SolutionConfigurationPlatforms) = preSolution
		Debug|Any CPU = Debug|Any CPU
		Release|Any CPU = Release|Any CPU
	EndGlobalSection
	GlobalSection(ProjectConfigurationPlatforms) = postSolution
		{4D260F5C-4443-409F-A06E-171D68567FF3}.Debug|Any CPU.ActiveCfg = Debug|Any CPU
		{4D260F5C-4443-409F-A06E-171D68567FF3}.Debug|Any CPU.Build.0 = Debug|Any CPU
		{4D260F5C-4443-409F-A06E-171D68567FF3}.Release|Any CPU.ActiveCfg = Release|Any CPU
		{4D260F5C-4443-409F-A06E-171D68567FF3}.Release|Any CPU.Build.0 = Release|Any CPU
	EndGlobalSection
	GlobalSection(SolutionProperties) = preSolution
		HideSolutionNode = FALSE
	EndGlobalSection
	GlobalSection(ExtensibilityGlobals) = postSolution
		SolutionGuid = {C75E2FC9-5673-41AF-9153-9F254889E7FB}
	EndGlobalSection
EndGlobal
